lockfileVersion: '9.0'

settings:
  autoInstallPeers: true
  excludeLinksFromLockfile: false

importers:

  .:
    devDependencies:
      '@types/node':
        specifier: ^24.0.7
        version: 24.0.7
      esbuild:
        specifier: ^0.25.11
        version: 0.25.11
      obsidian:
        specifier: ^1.8.7
        version: 1.8.7(@codemirror/state@6.5.2)(@codemirror/view@6.36.3)
      tslib:
        specifier: ^2.8.1
        version: 2.8.1
      typescript:
        specifier: ^5.8.3
        version: 5.8.3

packages:

  '@codemirror/state@6.5.2':
    resolution: {integrity: sha512-FVqsPqtPWKVVL3dPSxy8wEF/ymIEuVzF1PK3VbUgrxXpJUSHQWWZz4JMToquRxnkw+36LTamCZG2iua2Ptq0fA==}

  '@codemirror/view@6.36.3':
    resolution: {integrity: sha512-N2bilM47QWC8Hnx0rMdDxO2x2ImJ1FvZWXubwKgjeoOrWwEiFrtpA7SFHcuZ+o2Ze2VzbkgbzWVj4+V18LVkeg==}

  '@esbuild/aix-ppc64@0.25.11':
    resolution: {integrity: sha512-Xt1dOL13m8u0WE8iplx9Ibbm+hFAO0GsU2P34UNoDGvZYkY8ifSiy6Zuc1lYxfG7svWE2fzqCUmFp5HCn51gJg==}
    engines: {node: '>=18'}
    cpu: [ppc64]
    os: [aix]

  '@esbuild/android-arm64@0.25.11':
    resolution: {integrity: sha512-9slpyFBc4FPPz48+f6jyiXOx/Y4v34TUeDDXJpZqAWQn/08lKGeD8aDp9TMn9jDz2CiEuHwfhRmGBvpnd/PWIQ==}
    engines: {node: '>=18'}
    cpu: [arm64]
    os: [android]

  '@esbuild/android-arm@0.25.11':
    resolution: {integrity: sha512-uoa7dU+Dt3HYsethkJ1k6Z9YdcHjTrSb5NUy66ZfZaSV8hEYGD5ZHbEMXnqLFlbBflLsl89Zke7CAdDJ4JI+Gg==}
    engines: {node: '>=18'}
    cpu: [arm]
    os: [android]

  '@esbuild/android-x64@0.25.11':
    resolution: {integrity: sha512-Sgiab4xBjPU1QoPEIqS3Xx+R2lezu0LKIEcYe6pftr56PqPygbB7+szVnzoShbx64MUupqoE0KyRlN7gezbl8g==}
    engines: {node: '>=18'}
    cpu: [x64]
    os: [android]

  '@esbuild/darwin-arm64@0.25.11':
    resolution: {integrity: sha512-VekY0PBCukppoQrycFxUqkCojnTQhdec0vevUL/EDOCnXd9LKWqD/bHwMPzigIJXPhC59Vd1WFIL57SKs2mg4w==}
    engines: {node: '>=18'}
    cpu: [arm64]
    os: [darwin]

  '@esbuild/darwin-x64@0.25.11':
    resolution: {integrity: sha512-+hfp3yfBalNEpTGp9loYgbknjR695HkqtY3d3/JjSRUyPg/xd6q+mQqIb5qdywnDxRZykIHs3axEqU6l1+oWEQ==}
    engines: {node: '>=18'}
    cpu: [x64]
    os: [darwin]

  '@esbuild/freebsd-arm64@0.25.11':
    resolution: {integrity: sha512-CmKjrnayyTJF2eVuO//uSjl/K3KsMIeYeyN7FyDBjsR3lnSJHaXlVoAK8DZa7lXWChbuOk7NjAc7ygAwrnPBhA==}
    engines: {node: '>=18'}
    cpu: [arm64]
    os: [freebsd]

  '@esbuild/freebsd-x64@0.25.11':
    resolution: {integrity: sha512-Dyq+5oscTJvMaYPvW3x3FLpi2+gSZTCE/1ffdwuM6G1ARang/mb3jvjxs0mw6n3Lsw84ocfo9CrNMqc5lTfGOw==}
    engines: {node: '>=18'}
    cpu: [x64]
    os: [freebsd]

  '@esbuild/linux-arm64@0.25.11':
    resolution: {integrity: sha512-Qr8AzcplUhGvdyUF08A1kHU3Vr2O88xxP0Tm8GcdVOUm25XYcMPp2YqSVHbLuXzYQMf9Bh/iKx7YPqECs6ffLA==}
    engines: {node: '>=18'}
    cpu: [arm64]
    os: [linux]

  '@esbuild/linux-arm@0.25.11':
    resolution: {integrity: sha512-TBMv6B4kCfrGJ8cUPo7vd6NECZH/8hPpBHHlYI3qzoYFvWu2AdTvZNuU/7hsbKWqu/COU7NIK12dHAAqBLLXgw==}
    engines: {node: '>=18'}
    cpu: [arm]
    os: [linux]

  '@esbuild/linux-ia32@0.25.11':
    resolution: {integrity: sha512-TmnJg8BMGPehs5JKrCLqyWTVAvielc615jbkOirATQvWWB1NMXY77oLMzsUjRLa0+ngecEmDGqt5jiDC6bfvOw==}
    engines: {node: '>=18'}
    cpu: [ia32]
    os: [linux]

  '@esbuild/linux-loong64@0.25.11':
    resolution: {integrity: sha512-DIGXL2+gvDaXlaq8xruNXUJdT5tF+SBbJQKbWy/0J7OhU8gOHOzKmGIlfTTl6nHaCOoipxQbuJi7O++ldrxgMw==}
    engines: {node: '>=18'}
    cpu: [loong64]
    os: [linux]

  '@esbuild/linux-mips64el@0.25.11':
    resolution: {integrity: sha512-Osx1nALUJu4pU43o9OyjSCXokFkFbyzjXb6VhGIJZQ5JZi8ylCQ9/LFagolPsHtgw6himDSyb5ETSfmp4rpiKQ==}
    engines: {node: '>=18'}
    cpu: [mips64el]
    os: [linux]

  '@esbuild/linux-ppc64@0.25.11':
    resolution: {integrity: sha512-nbLFgsQQEsBa8XSgSTSlrnBSrpoWh7ioFDUmwo158gIm5NNP+17IYmNWzaIzWmgCxq56vfr34xGkOcZ7jX6CPw==}
    engines: {node: '>=18'}
    cpu: [ppc64]
    os: [linux]

  '@esbuild/linux-riscv64@0.25.11':
    resolution: {integrity: sha512-HfyAmqZi9uBAbgKYP1yGuI7tSREXwIb438q0nqvlpxAOs3XnZ8RsisRfmVsgV486NdjD7Mw2UrFSw51lzUk1ww==}
    engines: {node: '>=18'}
    cpu: [riscv64]
    os: [linux]

  '@esbuild/linux-s390x@0.25.11':
    resolution: {integrity: sha512-HjLqVgSSYnVXRisyfmzsH6mXqyvj0SA7pG5g+9W7ESgwA70AXYNpfKBqh1KbTxmQVaYxpzA/SvlB9oclGPbApw==}
    engines: {node: '>=18'}
    cpu: [s390x]
    os: [linux]

  '@esbuild/linux-x64@0.25.11':
    resolution: {integrity: sha512-HSFAT4+WYjIhrHxKBwGmOOSpphjYkcswF449j6EjsjbinTZbp8PJtjsVK1XFJStdzXdy/jaddAep2FGY+wyFAQ==}
    engines: {node: '>=18'}
    cpu: [x64]
    os: [linux]

  '@esbuild/netbsd-arm64@0.25.11':
    resolution: {integrity: sha512-hr9Oxj1Fa4r04dNpWr3P8QKVVsjQhqrMSUzZzf+LZcYjZNqhA3IAfPQdEh1FLVUJSiu6sgAwp3OmwBfbFgG2Xg==}
    engines: {node: '>=18'}
    cpu: [arm64]
    os: [netbsd]

  '@esbuild/netbsd-x64@0.25.11':
    resolution: {integrity: sha512-u7tKA+qbzBydyj0vgpu+5h5AeudxOAGncb8N6C9Kh1N4n7wU1Xw1JDApsRjpShRpXRQlJLb9wY28ELpwdPcZ7A==}
    engines: {node: '>=18'}
    cpu: [x64]
    os: [netbsd]

  '@esbuild/openbsd-arm64@0.25.11':
    resolution: {integrity: sha512-Qq6YHhayieor3DxFOoYM1q0q1uMFYb7cSpLD2qzDSvK1NAvqFi8Xgivv0cFC6J+hWVw2teCYltyy9/m/14ryHg==}
    engines: {node: '>=18'}
    cpu: [arm64]
    os: [openbsd]

  '@esbuild/openbsd-x64@0.25.11':
    resolution: {integrity: sha512-CN+7c++kkbrckTOz5hrehxWN7uIhFFlmS/hqziSFVWpAzpWrQoAG4chH+nN3Be+Kzv/uuo7zhX716x3Sn2Jduw==}
    engines: {node: '>=18'}
    cpu: [x64]
    os: [openbsd]

  '@esbuild/openharmony-arm64@0.25.11':
    resolution: {integrity: sha512-rOREuNIQgaiR+9QuNkbkxubbp8MSO9rONmwP5nKncnWJ9v5jQ4JxFnLu4zDSRPf3x4u+2VN4pM4RdyIzDty/wQ==}
    engines: {node: '>=18'}
    cpu: [arm64]
    os: [openharmony]

  '@esbuild/sunos-x64@0.25.11':
    resolution: {integrity: sha512-nq2xdYaWxyg9DcIyXkZhcYulC6pQ2FuCgem3LI92IwMgIZ69KHeY8T4Y88pcwoLIjbed8n36CyKoYRDygNSGhA==}
    engines: {node: '>=18'}
    cpu: [x64]
    os: [sunos]

  '@esbuild/win32-arm64@0.25.11':
    resolution: {integrity: sha512-3XxECOWJq1qMZ3MN8srCJ/QfoLpL+VaxD/WfNRm1O3B4+AZ/BnLVgFbUV3eiRYDMXetciH16dwPbbHqwe1uU0Q==}
    engines: {node: '>=18'}
    cpu: [arm64]
    os: [win32]

  '@esbuild/win32-ia32@0.25.11':
    resolution: {integrity: sha512-3ukss6gb9XZ8TlRyJlgLn17ecsK4NSQTmdIXRASVsiS2sQ6zPPZklNJT5GR5tE/MUarymmy8kCEf5xPCNCqVOA==}
    engines: {node: '>=18'}
    cpu: [ia32]
    os: [win32]

  '@esbuild/win32-x64@0.25.11':
    resolution: {integrity: sha512-D7Hpz6A2L4hzsRpPaCYkQnGOotdUpDzSGRIv9I+1ITdHROSFUWW95ZPZWQmGka1Fg7W3zFJowyn9WGwMJ0+KPA==}
    engines: {node: '>=18'}
    cpu: [x64]
    os: [win32]

  '@marijn/find-cluster-break@1.0.2':
    resolution: {integrity: sha512-l0h88YhZFyKdXIFNfSWpyjStDjGHwZ/U7iobcK1cQQD8sejsONdQtTVU+1wVN1PBw40PiiHB1vA5S7VTfQiP9g==}

  '@types/codemirror@5.60.8':
    resolution: {integrity: sha512-VjFgDF/eB+Aklcy15TtOTLQeMjTo07k7KAjql8OK5Dirr7a6sJY4T1uVBDuTVG9VEmn1uUsohOpYnVfgC6/jyw==}

  '@types/estree@1.0.6':
    resolution: {integrity: sha512-AYnb1nQyY49te+VRAVgmzfcgjYS91mY5P0TKUDCLEM+gNnA+3T6rWITXRLYCpahpqSQbN5cE+gHpnPyXjHWxcw==}

  '@types/node@24.0.7':
    resolution: {integrity: sha512-YIEUUr4yf8q8oQoXPpSlnvKNVKDQlPMWrmOcgzoduo7kvA2UF0/BwJ/eMKFTiTtkNL17I0M6Xe2tvwFU7be6iw==}

  '@types/tern@0.23.9':
    resolution: {integrity: sha512-ypzHFE/wBzh+BlH6rrBgS5I/Z7RD21pGhZ2rltb/+ZrVM1awdZwjx7hE5XfuYgHWk9uvV5HLZN3SloevCAp3Bw==}

  esbuild@0.25.11:
    resolution: {integrity: sha512-KohQwyzrKTQmhXDW1PjCv3Tyspn9n5GcY2RTDqeORIdIJY8yKIF7sTSopFmn/wpMPW4rdPXI0UE5LJLuq3bx0Q==}
    engines: {node: '>=18'}
    hasBin: true

  moment@2.29.4:
    resolution: {integrity: sha512-5LC9SOxjSc2HF6vO2CyuTDNivEdoz2IvyJJGj6X8DJ0eFyfszE0QiEd+iXmBvUP3WHxSjFH/vIsA0EN00cgr8w==}

  obsidian@1.8.7:
    resolution: {integrity: sha512-h4bWwNFAGRXlMlMAzdEiIM2ppTGlrh7uGOJS6w4gClrsjc+ei/3YAtU2VdFUlCiPuTHpY4aBpFJJW75S1Tl/JA==}
    peerDependencies:
      '@codemirror/state': ^6.0.0
      '@codemirror/view': ^6.0.0

  style-mod@4.1.3:
    resolution: {integrity: sha512-i/n8VsZydrugj3Iuzll8+x/00GH2vnYsk1eomD8QiRrSAeW6ItbCQDtfXCeJHd0iwiNagqjQkvpvREEPtW3IoQ==}

  tslib@2.8.1:
    resolution: {integrity: sha512-oJFu94HQb+KVduSUQL7wnpmqnfmLsOA/nAh6b6EH0wCEoK0/mPeXU6c3wKDV83MkOuHPRHtSXKKU99IBazS/2w==}

  typescript@5.8.3:
    resolution: {integrity: sha512-p1diW6TqL9L07nNxvRMM7hMMw4c5XOo/1ibL4aAIGmSAt9slTE1Xgw5KWuof2uTOvCg9BY7ZRi+GaF+7sfgPeQ==}
    engines: {node: '>=14.17'}
    hasBin: true

  undici-types@7.8.0:
    resolution: {integrity: sha512-9UJ2xGDvQ43tYyVMpuHlsgApydB8ZKfVYTsLDhXkFL/6gfkp+U8xTGdh8pMJv1SpZna0zxG1DwsKZsreLbXBxw==}

  w3c-keyname@2.2.8:
    resolution: {integrity: sha512-dpojBhNsCNN7T82Tm7k26A6G9ML3NkhDsnw9n/eoxSRlVBB4CEtIQ/KTCLI2Fwf3ataSXRhYFkQi3SlnFwPvPQ==}

snapshots:

  '@codemirror/state@6.5.2':
    dependencies:
      '@marijn/find-cluster-break': 1.0.2

  '@codemirror/view@6.36.3':
    dependencies:
      '@codemirror/state': 6.5.2
      style-mod: 4.1.3
      w3c-keyname: 2.2.8

  '@esbuild/aix-ppc64@0.25.11':
    optional: true

  '@esbuild/android-arm64@0.25.11':
    optional: true

  '@esbuild/android-arm@0.25.11':
    optional: true

  '@esbuild/android-x64@0.25.11':
    optional: true

  '@esbuild/darwin-arm64@0.25.11':
    optional: true

  '@esbuild/darwin-x64@0.25.11':
    optional: true

  '@esbuild/freebsd-arm64@0.25.11':
    optional: true

  '@esbuild/freebsd-x64@0.25.11':
    optional: true

  '@esbuild/linux-arm64@0.25.11':
    optional: true

  '@esbuild/linux-arm@0.25.11':
    optional: true

  '@esbuild/linux-ia32@0.25.11':
    optional: true

  '@esbuild/linux-loong64@0.25.11':
    optional: true

  '@esbuild/linux-mips64el@0.25.11':
    optional: true

  '@esbuild/linux-ppc64@0.25.11':
    optional: true

  '@esbuild/linux-riscv64@0.25.11':
    optional: true

  '@esbuild/linux-s390x@0.25.11':
    optional: true

  '@esbuild/linux-x64@0.25.11':
    optional: true

  '@esbuild/netbsd-arm64@0.25.11':
    optional: true

  '@esbuild/netbsd-x64@0.25.11':
    optional: true

  '@esbuild/openbsd-arm64@0.25.11':
    optional: true

  '@esbuild/openbsd-x64@0.25.11':
    optional: true

  '@esbuild/openharmony-arm64@0.25.11':
    optional: true

  '@esbuild/sunos-x64@0.25.11':
    optional: true

  '@esbuild/win32-arm64@0.25.11':
    optional: true

  '@esbuild/win32-ia32@0.25.11':
    optional: true

  '@esbuild/win32-x64@0.25.11':
    optional: true

  '@marijn/find-cluster-break@1.0.2': {}

  '@types/codemirror@5.60.8':
    dependencies:
      '@types/tern': 0.23.9

  '@types/estree@1.0.6': {}

  '@types/node@24.0.7':
    dependencies:
      undici-types: 7.8.0

  '@types/tern@0.23.9':
    dependencies:
      '@types/estree': 1.0.6

  esbuild@0.25.11:
    optionalDependencies:
      '@esbuild/aix-ppc64': 0.25.11
      '@esbuild/android-arm': 0.25.11
      '@esbuild/android-arm64': 0.25.11
      '@esbuild/android-x64': 0.25.11
      '@esbuild/darwin-arm64': 0.25.11
      '@esbuild/darwin-x64': 0.25.11
      '@esbuild/freebsd-arm64': 0.25.11
      '@esbuild/freebsd-x64': 0.25.11
      '@esbuild/linux-arm': 0.25.11
      '@esbuild/linux-arm64': 0.25.11
      '@esbuild/linux-ia32': 0.25.11
      '@esbuild/linux-loong64': 0.25.11
      '@esbuild/linux-mips64el': 0.25.11
      '@esbuild/linux-ppc64': 0.25.11
      '@esbuild/linux-riscv64': 0.25.11
      '@esbuild/linux-s390x': 0.25.11
      '@esbuild/linux-x64': 0.25.11
      '@esbuild/netbsd-arm64': 0.25.11
      '@esbuild/netbsd-x64': 0.25.11
      '@esbuild/openbsd-arm64': 0.25.11
      '@esbuild/openbsd-x64': 0.25.11
      '@esbuild/openharmony-arm64': 0.25.11
      '@esbuild/sunos-x64': 0.25.11
      '@esbuild/win32-arm64': 0.25.11
      '@esbuild/win32-ia32': 0.25.11
      '@esbuild/win32-x64': 0.25.11

  moment@2.29.4: {}

  obsidian@1.8.7(@codemirror/state@6.5.2)(@codemirror/view@6.36.3):
    dependencies:
      '@codemirror/state': 6.5.2
      '@codemirror/view': 6.36.3
      '@types/codemirror': 5.60.8
      moment: 2.29.4

  style-mod@4.1.3: {}

  tslib@2.8.1: {}

  typescript@5.8.3: {}

  undici-types@7.8.0: {}

  w3c-keyname@2.2.8: {}
